
Microsoft Visual Studio Solution File, Format Version 12.00
# Visual Studio 2012
Project("{FAE04EC0-301F-11D3-BF4B-00C04F79EFBC}") = "SideMenuTest", "SideMenuTest\SideMenuTest.csproj", "{FAF07285-5AE6-440A-BA6E-9B131A74F97C}"
EndProject
Global
	GlobalSection(SolutionConfigurationPlatforms) = preSolution
		Debug|iPhoneSimulator = Debug|iPhoneSimulator
		Release|iPhoneSimulator = Release|iPhoneSimulator
		Debug|iPhone = Debug|iPhone
		Release|iPhone = Release|iPhone
		Ad-Hoc|iPhone = Ad-Hoc|iPhone
		AppStore|iPhone = AppStore|iPhone
	EndGlobalSection
	GlobalSection(ProjectConfigurationPlatforms) = postSolution
		{FAF07285-5AE6-440A-BA6E-9B131A74F97C}.Ad-Hoc|iPhone.ActiveCfg = Ad-Hoc|iPhone
		{FAF07285-5AE6-440A-BA6E-9B131A74F97C}.Ad-Hoc|iPhone.Build.0 = Ad-Hoc|iPhone
		{FAF07285-5AE6-440A-BA6E-9B131A74F97C}.AppStore|iPhone.ActiveCfg = AppStore|iPhone
		{FAF07285-5AE6-440A-BA6E-9B131A74F97C}.AppStore|iPhone.Build.0 = AppStore|iPhone
		{FAF07285-5AE6-440A-BA6E-9B131A74F97C}.Debug|iPhone.ActiveCfg = Debug|iPhone
		{FAF07285-5AE6-440A-BA6E-9B131A74F97C}.Debug|iPhone.Build.0 = Debug|iPhone
		{FAF07285-5AE6-440A-BA6E-9B131A74F97C}.Debug|iPhoneSimulator.ActiveCfg = Debug|iPhoneSimulator
		{FAF07285-5AE6-440A-BA6E-9B131A74F97C}.Debug|iPhoneSimulator.Build.0 = Debug|iPhoneSimulator
		{FAF07285-5AE6-440A-BA6E-9B131A74F97C}.Release|iPhone.ActiveCfg = Release|iPhone
		{FAF07285-5AE6-440A-BA6E-9B131A74F97C}.Release|iPhone.Build.0 = Release|iPhone
		{FAF07285-5AE6-440A-BA6E-9B131A74F97C}.Release|iPhoneSimulator.ActiveCfg = Release|iPhoneSimulator
		{FAF07285-5AE6-440A-BA6E-9B131A74F97C}.Release|iPhoneSimulator.Build.0 = Release|iPhoneSimulator
	EndGlobalSection
	GlobalSection(MonoDevelopProperties) = preSolution
		StartupItem = SideMenuTest\SideMenuTest.csproj
	EndGlobalSection
EndGlobal
